
Microsoft Visual Studio Solution File, Format Version 12.00
# Visual Studio Version 16
VisualStudioVersion = 16.0.31005.135
MinimumVisualStudioVersion = 10.0.40219.1
Project("{9A19103F-16F7-4668-BE54-9A1E7A4F7556}") = "PremierK9", "PremierK9\PremierK9.csproj", "{D7B0C779-6145-4A4C-8FC7-FF9CC35DF800}"
EndProject
Project("{FAE04EC0-301F-11D3-BF4B-00C04F79EFBC}") = "Mobile.Android", "Mobile\Mobile.Android\Mobile.Android.csproj", "{45A56174-0A36-4DF4-B7F4-A667620F190A}"
EndProject
Project("{FAE04EC0-301F-11D3-BF4B-00C04F79EFBC}") = "Mobile.iOS", "Mobile\Mobile.iOS\Mobile.iOS.csproj", "{8C6F13E1-4855-4BC8-AAFA-77E4CC912145}"
EndProject
Project("{9A19103F-16F7-4668-BE54-9A1E7A4F7556}") = "Mobile", "Mobile\Mobile\Mobile.csproj", "{32E336CE-CCF7-4C94-8A41-D638ED9C83C2}"
EndProject
Project("{FAE04EC0-301F-11D3-BF4B-00C04F79EFBC}") = "Shared", "Shared\Shared.csproj", "{150CBB63-CC3F-469C-9FB3-824F2B68D2CC}"
EndProject
Global
	GlobalSection(SolutionConfigurationPlatforms) = preSolution
		Debug|Any CPU = Debug|Any CPU
		Debug|iPhone = Debug|iPhone
		Debug|iPhoneSimulator = Debug|iPhoneSimulator
		Release|Any CPU = Release|Any CPU
		Release|iPhone = Release|iPhone
		Release|iPhoneSimulator = Release|iPhoneSimulator
	EndGlobalSection
	GlobalSection(ProjectConfigurationPlatforms) = postSolution
		{D7B0C779-6145-4A4C-8FC7-FF9CC35DF800}.Debug|Any CPU.ActiveCfg = Debug|Any CPU
		{D7B0C779-6145-4A4C-8FC7-FF9CC35DF800}.Debug|Any CPU.Build.0 = Debug|Any CPU
		{D7B0C779-6145-4A4C-8FC7-FF9CC35DF800}.Debug|iPhone.ActiveCfg = Debug|Any CPU
		{D7B0C779-6145-4A4C-8FC7-FF9CC35DF800}.Debug|iPhone.Build.0 = Debug|Any CPU
		{D7B0C779-6145-4A4C-8FC7-FF9CC35DF800}.Debug|iPhoneSimulator.ActiveCfg = Debug|Any CPU
		{D7B0C779-6145-4A4C-8FC7-FF9CC35DF800}.Debug|iPhoneSimulator.Build.0 = Debug|Any CPU
		{D7B0C779-6145-4A4C-8FC7-FF9CC35DF800}.Release|Any CPU.ActiveCfg = Release|Any CPU
		{D7B0C779-6145-4A4C-8FC7-FF9CC35DF800}.Release|Any CPU.Build.0 = Release|Any CPU
		{D7B0C779-6145-4A4C-8FC7-FF9CC35DF800}.Release|iPhone.ActiveCfg = Release|Any CPU
		{D7B0C779-6145-4A4C-8FC7-FF9CC35DF800}.Release|iPhone.Build.0 = Release|Any CPU
		{D7B0C779-6145-4A4C-8FC7-FF9CC35DF800}.Release|iPhoneSimulator.ActiveCfg = Release|Any CPU
		{D7B0C779-6145-4A4C-8FC7-FF9CC35DF800}.Release|iPhoneSimulator.Build.0 = Release|Any CPU
		{45A56174-0A36-4DF4-B7F4-A667620F190A}.Debug|Any CPU.ActiveCfg = Debug|Any CPU
		{45A56174-0A36-4DF4-B7F4-A667620F190A}.Debug|Any CPU.Build.0 = Debug|Any CPU
		{45A56174-0A36-4DF4-B7F4-A667620F190A}.Debug|Any CPU.Deploy.0 = Debug|Any CPU
		{45A56174-0A36-4DF4-B7F4-A667620F190A}.Debug|iPhone.ActiveCfg = Debug|Any CPU
		{45A56174-0A36-4DF4-B7F4-A667620F190A}.Debug|iPhone.Build.0 = Debug|Any CPU
		{45A56174-0A36-4DF4-B7F4-A667620F190A}.Debug|iPhone.Deploy.0 = Debug|Any CPU
		{45A56174-0A36-4DF4-B7F4-A667620F190A}.Debug|iPhoneSimulator.ActiveCfg = Debug|Any CPU
		{45A56174-0A36-4DF4-B7F4-A667620F190A}.Debug|iPhoneSimulator.Build.0 = Debug|Any CPU
		{45A56174-0A36-4DF4-B7F4-A667620F190A}.Debug|iPhoneSimulator.Deploy.0 = Debug|Any CPU
		{45A56174-0A36-4DF4-B7F4-A667620F190A}.Release|Any CPU.ActiveCfg = Release|Any CPU
		{45A56174-0A36-4DF4-B7F4-A667620F190A}.Release|Any CPU.Build.0 = Release|Any CPU
		{45A56174-0A36-4DF4-B7F4-A667620F190A}.Release|Any CPU.Deploy.0 = Release|Any CPU
		{45A56174-0A36-4DF4-B7F4-A667620F190A}.Release|iPhone.ActiveCfg = Release|Any CPU
		{45A56174-0A36-4DF4-B7F4-A667620F190A}.Release|iPhone.Build.0 = Release|Any CPU
		{45A56174-0A36-4DF4-B7F4-A667620F190A}.Release|iPhone.Deploy.0 = Release|Any CPU
		{45A56174-0A36-4DF4-B7F4-A667620F190A}.Release|iPhoneSimulator.ActiveCfg = Release|Any CPU
		{45A56174-0A36-4DF4-B7F4-A667620F190A}.Release|iPhoneSimulator.Build.0 = Release|Any CPU
		{45A56174-0A36-4DF4-B7F4-A667620F190A}.Release|iPhoneSimulator.Deploy.0 = Release|Any CPU
		{8C6F13E1-4855-4BC8-AAFA-77E4CC912145}.Debug|Any CPU.ActiveCfg = Debug|iPhoneSimulator
		{8C6F13E1-4855-4BC8-AAFA-77E4CC912145}.Debug|iPhone.ActiveCfg = Debug|iPhone
		{8C6F13E1-4855-4BC8-AAFA-77E4CC912145}.Debug|iPhone.Build.0 = Debug|iPhone
		{8C6F13E1-4855-4BC8-AAFA-77E4CC912145}.Debug|iPhoneSimulator.ActiveCfg = Debug|iPhoneSimulator
		{8C6F13E1-4855-4BC8-AAFA-77E4CC912145}.Debug|iPhoneSimulator.Build.0 = Debug|iPhoneSimulator
		{8C6F13E1-4855-4BC8-AAFA-77E4CC912145}.Release|Any CPU.ActiveCfg = Release|iPhoneSimulator
		{8C6F13E1-4855-4BC8-AAFA-77E4CC912145}.Release|iPhone.ActiveCfg = Release|iPhone
		{8C6F13E1-4855-4BC8-AAFA-77E4CC912145}.Release|iPhone.Build.0 = Release|iPhone
		{8C6F13E1-4855-4BC8-AAFA-77E4CC912145}.Release|iPhoneSimulator.ActiveCfg = Release|iPhoneSimulator
		{8C6F13E1-4855-4BC8-AAFA-77E4CC912145}.Release|iPhoneSimulator.Build.0 = Release|iPhoneSimulator
		{32E336CE-CCF7-4C94-8A41-D638ED9C83C2}.Debug|Any CPU.ActiveCfg = Debug|Any CPU
		{32E336CE-CCF7-4C94-8A41-D638ED9C83C2}.Debug|Any CPU.Build.0 = Debug|Any CPU
		{32E336CE-CCF7-4C94-8A41-D638ED9C83C2}.Debug|iPhone.ActiveCfg = Debug|Any CPU
		{32E336CE-CCF7-4C94-8A41-D638ED9C83C2}.Debug|iPhone.Build.0 = Debug|Any CPU
		{32E336CE-CCF7-4C94-8A41-D638ED9C83C2}.Debug|iPhoneSimulator.ActiveCfg = Debug|Any CPU
		{32E336CE-CCF7-4C94-8A41-D638ED9C83C2}.Debug|iPhoneSimulator.Build.0 = Debug|Any CPU
		{32E336CE-CCF7-4C94-8A41-D638ED9C83C2}.Release|Any CPU.ActiveCfg = Release|Any CPU
		{32E336CE-CCF7-4C94-8A41-D638ED9C83C2}.Release|Any CPU.Build.0 = Release|Any CPU
		{32E336CE-CCF7-4C94-8A41-D638ED9C83C2}.Release|iPhone.ActiveCfg = Release|Any CPU
		{32E336CE-CCF7-4C94-8A41-D638ED9C83C2}.Release|iPhone.Build.0 = Release|Any CPU
		{32E336CE-CCF7-4C94-8A41-D638ED9C83C2}.Release|iPhoneSimulator.ActiveCfg = Release|Any CPU
		{32E336CE-CCF7-4C94-8A41-D638ED9C83C2}.Release|iPhoneSimulator.Build.0 = Release|Any CPU
		{150CBB63-CC3F-469C-9FB3-824F2B68D2CC}.Debug|Any CPU.ActiveCfg = Debug|Any CPU
		{150CBB63-CC3F-469C-9FB3-824F2B68D2CC}.Debug|Any CPU.Build.0 = Debug|Any CPU
		{150CBB63-CC3F-469C-9FB3-824F2B68D2CC}.Debug|iPhone.ActiveCfg = Debug|Any CPU
		{150CBB63-CC3F-469C-9FB3-824F2B68D2CC}.Debug|iPhone.Build.0 = Debug|Any CPU
		{150CBB63-CC3F-469C-9FB3-824F2B68D2CC}.Debug|iPhoneSimulator.ActiveCfg = Debug|Any CPU
		{150CBB63-CC3F-469C-9FB3-824F2B68D2CC}.Debug|iPhoneSimulator.Build.0 = Debug|Any CPU
		{150CBB63-CC3F-469C-9FB3-824F2B68D2CC}.Release|Any CPU.ActiveCfg = Release|Any CPU
		{150CBB63-CC3F-469C-9FB3-824F2B68D2CC}.Release|Any CPU.Build.0 = Release|Any CPU
		{150CBB63-CC3F-469C-9FB3-824F2B68D2CC}.Release|iPhone.ActiveCfg = Release|Any CPU
		{150CBB63-CC3F-469C-9FB3-824F2B68D2CC}.Release|iPhone.Build.0 = Release|Any CPU
		{150CBB63-CC3F-469C-9FB3-824F2B68D2CC}.Release|iPhoneSimulator.ActiveCfg = Release|Any CPU
		{150CBB63-CC3F-469C-9FB3-824F2B68D2CC}.Release|iPhoneSimulator.Build.0 = Release|Any CPU
	EndGlobalSection
	GlobalSection(SolutionProperties) = preSolution
		HideSolutionNode = FALSE
	EndGlobalSection
	GlobalSection(ExtensibilityGlobals) = postSolution
		SolutionGuid = {DE51700B-38B5-44FE-8A13-E8898E08DE57}
	EndGlobalSection
EndGlobal
